
Microsoft Visual Studio Solution File, Format Version 12.00
# Visual Studio Version 17
VisualStudioVersion = 17.8.34316.72
MinimumVisualStudioVersion = 10.0.40219.1
Project("{9A19103F-16F7-4668-BE54-9A1E7A4F7556}") = "BlazorWasmDotnet8AspNetCoreHosted.Server", "BlazorWasmDotnet8AspNetCoreHosted.Server\BlazorWasmDotnet8AspNetCoreHosted.Server.csproj", "{2438E67D-7DE9-4A42-8FC6-AE9CA4888CDC}"
EndProject
Project("{9A19103F-16F7-4668-BE54-9A1E7A4F7556}") = "BlazorWasmDotNet8AspNetCoreHosted.Shared", "BlazorWasmDotNet8AspNetCoreHosted.Shared\BlazorWasmDotNet8AspNetCoreHosted.Shared.csproj", "{15CABBAB-EB05-4A0B-8195-78B59CF73C0E}"
EndProject
Project("{9A19103F-16F7-4668-BE54-9A1E7A4F7556}") = "BlazorWasmDotNet8AspNetCoreHosted.Client", "BlazorWasmDotNet8AspNetCoreHosted.Client\BlazorWasmDotNet8AspNetCoreHosted.Client.csproj", "{0B448583-03B8-4A6F-9814-2D2FE30D91DF}"
EndProject
Global
	GlobalSection(SolutionConfigurationPlatforms) = preSolution
		Debug|Any CPU = Debug|Any CPU
		Release|Any CPU = Release|Any CPU
	EndGlobalSection
	GlobalSection(ProjectConfigurationPlatforms) = postSolution
		{2438E67D-7DE9-4A42-8FC6-AE9CA4888CDC}.Debug|Any CPU.ActiveCfg = Debug|Any CPU
		{2438E67D-7DE9-4A42-8FC6-AE9CA4888CDC}.Debug|Any CPU.Build.0 = Debug|Any CPU
		{2438E67D-7DE9-4A42-8FC6-AE9CA4888CDC}.Release|Any CPU.ActiveCfg = Release|Any CPU
		{2438E67D-7DE9-4A42-8FC6-AE9CA4888CDC}.Release|Any CPU.Build.0 = Release|Any CPU
		{15CABBAB-EB05-4A0B-8195-78B59CF73C0E}.Debug|Any CPU.ActiveCfg = Debug|Any CPU
		{15CABBAB-EB05-4A0B-8195-78B59CF73C0E}.Debug|Any CPU.Build.0 = Debug|Any CPU
		{15CABBAB-EB05-4A0B-8195-78B59CF73C0E}.Release|Any CPU.ActiveCfg = Release|Any CPU
		{15CABBAB-EB05-4A0B-8195-78B59CF73C0E}.Release|Any CPU.Build.0 = Release|Any CPU
		{0B448583-03B8-4A6F-9814-2D2FE30D91DF}.Debug|Any CPU.ActiveCfg = Debug|Any CPU
		{0B448583-03B8-4A6F-9814-2D2FE30D91DF}.Debug|Any CPU.Build.0 = Debug|Any CPU
		{0B448583-03B8-4A6F-9814-2D2FE30D91DF}.Release|Any CPU.ActiveCfg = Release|Any CPU
		{0B448583-03B8-4A6F-9814-2D2FE30D91DF}.Release|Any CPU.Build.0 = Release|Any CPU
	EndGlobalSection
	GlobalSection(SolutionProperties) = preSolution
		HideSolutionNode = FALSE
	EndGlobalSection
	GlobalSection(ExtensibilityGlobals) = postSolution
		SolutionGuid = {D9D510CB-6423-4347-9E8B-EF44344EEC79}
	EndGlobalSection
EndGlobal
